
Microsoft Visual Studio Solution File, Format Version 12.00
# Visual Studio Version 17
VisualStudioVersion = 17.8.34309.116
MinimumVisualStudioVersion = 10.0.40219.1
Project("{FAE04EC0-301F-11D3-BF4B-00C04F79EFBC}") = "ConsoleApp1", "ConsoleApp1.csproj", "{071885C2-BB71-45F6-957C-115C43A42F70}"
EndProject
Global
	GlobalSection(SolutionConfigurationPlatforms) = preSolution
		Debug|Any CPU = Debug|Any CPU
		Release|Any CPU = Release|Any CPU
	EndGlobalSection
	GlobalSection(ProjectConfigurationPlatforms) = postSolution
		{071885C2-BB71-45F6-957C-115C43A42F70}.Debug|Any CPU.ActiveCfg = Debug|Any CPU
		{071885C2-BB71-45F6-957C-115C43A42F70}.Debug|Any CPU.Build.0 = Debug|Any CPU
		{071885C2-BB71-45F6-957C-115C43A42F70}.Release|Any CPU.ActiveCfg = Release|Any CPU
		{071885C2-BB71-45F6-957C-115C43A42F70}.Release|Any CPU.Build.0 = Release|Any CPU
	EndGlobalSection
	GlobalSection(SolutionProperties) = preSolution
		HideSolutionNode = FALSE
	EndGlobalSection
	GlobalSection(ExtensibilityGlobals) = postSolution
		SolutionGuid = {80BA3E5C-0E75-41C1-9A27-ABBA5A4916A4}
	EndGlobalSection
EndGlobal
